version: 1
checksums:
  32cd66d78427c3990b6f4e3ebf6175f6:
    navigation/home: 104a3db3b671c04e167eafbe21e57881
    navigation/blog: 7feb9b36be2028520ffe37de06505148
    navigation/projects: fe8af5cfb3c95cb35534872a325b225e
    navigation/about: 944521eeeed2511833d2299931273c71
    navigation/contact: 9afa39bc47019ee6dec6c74b6273967c
    blog/allPublications: f0c9b6ada58bfa343bd08d8c32f4d278
    blog/backToPosts: 671de88f6bfea35a51e1d4baa9e275e1
    blog/tags: 97813c8ae67d69575fd04e35a88aed0c
    blog/readMore: b58fac5966fec5c51fdfef5c662de73e
    blog/searchPlaceholder: a236ca5ea6d894e4daf0aac96ebb6c8f
    blog/noArticlesFound: 8bbb39a472fd544f5c4305f451051fc5
    blog/mostRecentPosts: dbe84ad469d8964c1ba46ffcda230c0e
    blog/taggedWith: ec4526ff7f82df374748810a43cc218d
    blog/chooseFromAllTags: 7971f46575074a574dcc0e1c0324d5be
    blog/viewAllPosts: b69aa4328e88eb1105cede22604dd4f6
    blog/postsByTag: cfc99fee8a203a0b211dabeeabf63175
    ui/loading: 82b4ea7ed1439094d7c4be13aaba9a66
    ui/error: 3c95bcb32c2104b99a46f5b3dd015248
    ui/retry: 6e44d18639560596569a1278f9c83676
    ui/close: 2c2e22f8424a1031de89063bd0022e16
    ui/open: 9a8c3b16091ea6cef3f771fc6715ab67
    ui/menu: 520968a9770cddeb6d339c0fcbd70240
    seo/blogDescription: 91743270f6e4255505644cf6b658acf2
  a7388c0bff207cbc49ad0718864baad3:
    metadata/author: e6c8754284618f6d959349e0ecd03d3b
    metadata/readingTime: d8769afc3a8c6a7864fac4ded80b249b
    metadata/publishedOn: 6693900afe7a9722e95c43b495205628
    metadata/lastUpdated: 30c49d7e24f88e52a80f7166a58860e3
    actions/share: ab625547ab428626747e57f01d8abb06
    actions/bookmark: 2950c3e5dbe50dda643d95686a06730d
    actions/copy: 627c00d2c850b9b45f7341a6ac01b6bb
    actions/copied: 0d1b21bf6919e363f5c4a4ac75dab210
    actions/shareOnTwitter: 1ba428e2944d77bff93054f64cd568d1
    actions/shareOnLinkedIn: 924826938b597f6cfb8c95b2606772a8
    tableOfContents: f7d9786d26952c6e4cb532f57233027b
    relatedPosts: 7789d91a1cac93730ab78b3f57c53048
    comments: 502237cd1044491c48494aa60967a985
    newsletter/title: 009e7989d17722c6691bbe006b8c8a97
    newsletter/description: bb29230154511b70ecffa9f4dc55eb6c
    newsletter/emailPlaceholder: 39931962707c99b99a5a073ab579396b
    newsletter/subscribe: 5107e4c6230f58346b3af3061a57cfb8
    newsletter/success: a9f8e398b960ea4f7a18ecff63de3719
    newsletter/error: 176473e01b415e016c796f042fa2cad7
  c97ea5ea3da685386730416e1cb08e8a:
    md-section-0: dcd51f8a7da0d7880ab33cec8b193408
    md-section-1: e93ec4874c6bbec55bf78eaa80097f74
    md-section-2: 0e3e46471ef49686223d25f4367edaec
    md-section-3: 76a500be3eb2a87cc9fe33ee14fa2550
    md-section-4: d49662bc0c5cde11184b64abf78e2a3d
    md-section-5: 5fee2a4ffb5e6939bc61dbaac4cb1ec3
    md-section-6: f3f59cf832897bcd96f24723dc17243b
    md-section-7: 12f278353574b1d3e633b0676fb3cdd5
    md-section-8: fb7fbc405ebd82f2fa9b8628dda4968f
    md-section-9: 8a761fa5c29c40b7bb9f2670ee3110bb
    md-section-10: 8cecf47a2a580afb71e888649a5255f8
    md-section-11: 1c1472822d0b9cf034419b8dfd16f60a
    md-section-12: de1d0baaac055d0c26b12640bf2acc12
    md-section-13: 4a8016e113170361409c44026acbf999
    md-section-14: ccb7b4289e379f9e6d2818aae800eb32
    md-section-15: 879cdca4b04b99ffffd1bfde6bbb6d66
    md-section-16: 0e67b99758e7398eb5a88dd55c54db19
    md-section-17: 5a6eff53958c4eb1d9838f66f0f96c4a
    md-section-18: f5fb5071ebd117d18d607760cd6d527e
    md-section-19: 56bb7e0f43f21b04aeb046614c080d43
    md-section-20: 0ab6377f2350aa3068253fde5125f1a5
    md-section-21: 3babdd4ebd5e14467ef3602be06deb7c
    md-section-22: 1c8dd303368e40a86c67a4d4395a9102
    md-section-23: 5a4df96173545f9265aa9f19db2c9bc2
    md-section-24: bda3fe82363558c21c13072f4d49aa70
    md-section-25: 8f87d423ee5ab8fc6abe9bacc7bb46c7
    md-section-26: 1f79511ab19ceab08a810f5a92a83ba0
    md-section-27: e585619e0e6dbf2fd215462500f6c02b
    md-section-28: b135305c9bcefaf9bb4d74310f492f1d
    md-section-29: ded6ab9a7f389b892f5df91ef3b26b71
    md-section-30: a93aea766ee2e5feaf4e4bda66134bbc
    md-section-31: bef216741eebcb5eadc9e74f234f9c09
    md-section-32: aa2f0d89899fb8fea9887621131a5428
    fm-attr-title: 1adf709a12c5db13d9db4003dacbfe25
    fm-attr-description: 0940f40f15d890ca8e4047c8c0f04545
    fm-attr-tags: f75841ce5a4a6e0453cf090e6f7e8bd6
    fm-attr-cover: 538b9d3fd33ba57f3e4cca46e370bf9c
  d588f1fc6b48dda166dad048cfef0cd9:
    md-section-0: 12691685ea5cddfdb494155c78aaa240
    md-section-1: d8746568027907cfff69c38e50a405f1
    md-section-2: 3b99cc51c17f67c851bc80c3ccd774bc
    md-section-3: b4529bf0d287ec790606bd5d8b765c73
    md-section-4: 4d595ed84ae90b5911c17e51146384df
    md-section-5: 9c30928ff20478a8730e102ba4744791
    md-section-6: 00cbdc94da22252f693c368687a15ac5
    md-section-7: 59dcd24c9c0af85088e1047c84f6af9c
    md-section-8: 4e60ae2124cb2f2f6eb498d4af351b35
    md-section-9: 90ec51b67328380ca48b9eb6bf8e60e6
    md-section-10: 58a809c03f64aed9c3c8e8321db2f46c
    md-section-11: fc84bd58545a8f468793cd44362ffbf9
    md-section-12: 4f58127f22a1937c094ef09c0b59098e
    md-section-13: a03bacb3fcf8e6930af099fca582b7fc
    md-section-14: 5ef02822e1acc8625afa4631673df5cd
    md-section-15: c45468f9a7ce6c28eea9d028b037f80b
    md-section-16: b14867b8c869d57c5e6b67c36ed55ce8
    md-section-17: 2975cce3d5ab5e7440b33249744113f0
    md-section-18: 1d52378eed90ddea367b7edf01676157
    md-section-19: 8dfb5205d8e5257f98ca256607de4e81
    md-section-20: fe881f4da66ceec4f7cf84394591cb50
    md-section-21: f45f9f8c9f21d416a802a3d1a0d89f5b
    md-section-22: 0ec13bf42f0d506989c321705e7c2606
    md-section-23: fd24fa4cb78990c4aeb06fd6f52cfdd8
    md-section-24: 3239d8e0dc22777bc303a24047ae7b77
    md-section-25: d017bd5cc408ce5c3ec66b34a5cd34f3
    fm-attr-title: b40218889821086c4119dff4d266b97e
    fm-attr-description: 0fdd7b07bc47d924bdc1c0da09e7aad4
    fm-attr-tags: e2be29203f03d1ff3e5f2fd9ea99d9a5
    fm-attr-cover: 2db7ff48c047bec7fd384369235dd211
  e5db4fda50375223b3c2d74ff6f878a1:
    md-section-0: 028536b8f87e4af38d5f0b8856e51a22
    md-section-1: 6e54dbf0653ab4822dc46b3eaee9cac0
    md-section-2: 072c12d6f245fe8b90700692f6c4c6de
    md-section-3: d3a1d930edefe784cb0c8be6f97a55ea
    md-section-4: 9cbe05a79ff8d208e1a0148b3d5460f8
    md-section-5: ea958fcbe83f6b539ccdec7cf7338a29
    md-section-6: 6ef76021fd0612a492e63f5b294dc664
    md-section-7: 1e51a9db34624392371f1483d0a6665e
    md-section-8: d64f7483b5c8a562fffa016a4ba5e509
    md-section-9: a5f450ce17b504f51e606910372f6004
    md-section-10: 11d6d5c527001c41922a6076d8db8448
    md-section-11: 5d8e2b4fed5a93ad26785a6d06f199f9
    md-section-12: 03ad961b4e5cd6466cfa5cc155c432ed
    md-section-13: 19ad335b08dc53b04b4a30a46e140377
    md-section-14: 7af94232e84eb999458629f8e536252d
    md-section-15: 7595a278321f26809998fe7bd40374ce
    md-section-16: 2c31b0fe876d8061ccd280a932e5a418
    md-section-17: 05ac6d196985bf59a28a92298d136a9d
    md-section-18: 22f4b4a14abcc02be4fd8cdd00ac2b20
    md-section-19: 2d0a3787a54b960181d3c622a38eefcd
    md-section-20: b0992a7c21ed3306cd8a912b4b70e426
    md-section-21: 682dfccdcb1da9a8617dc1740bf03e88
    md-section-22: 45493d4425d7197b5d63defc0b45d159
    md-section-23: 68dc24417483fd72f942fb200df5011b
    md-section-24: 19ae48036810c3a3465a9848e45849c7
    md-section-25: c33fe3638ab7b73f026c5b2e7eab1074
    md-section-26: ae8841ff285b91c9b34d41ce180a59c9
    md-section-27: f374007144cf48f1dbaf258e7d91fc84
    md-section-28: 22227b2d013716a141d81a023e1ce33b
    md-section-29: f2fca0286cbcbaf3b2c481609e13ce87
    md-section-30: 43bc0fbeada6f79539f80198020634e0
    md-section-31: 8f9f485d829e53ab29a63d7fc18c03dd
    md-section-32: 77f426d07ef3c4f414d3843d02462670
    md-section-33: 751139afed3bcf58d2c4a8371bab33c1
    md-section-34: 9aae453cf99260558addcee6815f2df2
    md-section-35: fbe1ce816097c051fcbe61cba497489a
    md-section-36: 1160e9f47cadcba4631755a626c98e57
    md-section-37: 0d7f9bb9e2c3fb55bdc0721f7ae5eb25
    md-section-38: 4337ea50776b952e31e788ab77b0bab4
    fm-attr-title: 56e2ed22475c3a898642cc56b8080b0c
    fm-attr-description: 8d339c6923a46d1312521c7b05ee40d5
    fm-attr-tags: ab0905161c48d4855de4e22dac669c34
    fm-attr-cover: 4af59f1ff162825f4ba421aeb23bd91a
  e6053d7d30c25dd89112f941b4d0d6df:
    md-section-0: bbc70224503066dcc3c3f343d37ef628
    md-section-1: 4c45197c62871c4daea54fba9b3229c8
    md-section-2: 1593e3b1de1d4b44694a7c2181b6c5b5
    md-section-3: 4988253401c3a9568de301771323e12d
    md-section-4: 383e4219119011426acbfd86a5f80e5d
    md-section-5: 282b98dda01e268df8f44ee50bc70d0f
    md-section-6: 7289ade6c538e3163c75250c62897a5b
    md-section-7: 932c58c5283f65dc14283066a53563ec
    md-section-8: 09cc51422426544b714b5bc6859bed5b
    md-section-9: d5de198823bb91950301ab8f617f2835
    md-section-10: 9726cf9fc9229bce6cafe315df023b8f
    md-section-11: 8eacbc237070eeafd0dacfe70d39279e
    md-section-12: faac1524a438d31729cc10be6141c6aa
    md-section-13: f03df69e21c7ed98954cadab587d7a0d
    md-section-14: 6d586711b9610a4b467f19ea7859f28b
    md-section-15: 2450f3d40082b00be6fa90da0cba026a
    md-section-16: 23fec1dde829ccd7868cf5aae10a3e9e
    md-section-17: adad86a9abc7a68c0687a8deb7b95a8b
    md-section-18: 3083002dd2f452e08d28d30b2c96b81b
    fm-attr-title: d8cfdca052b353499a474426bd6c2c6d
    fm-attr-description: 46689f466ae7df5f34b81a167f715250
    fm-attr-tags: c41e7c90d40e8e85db71b84ef8900584
    fm-attr-cover: 33f4e0f71c64b0074cddfd0c2619d9d2
  9ff24161a56a0a8ac9682c2071a74934:
    md-section-0: 99ae1d9c32e18d5c54af265d1361fa49
    fm-attr-title: 9474c6d6eed93eb571f2e43f44b4f0a3
    fm-attr-description: 4211d7dc3bf567fdbea9d5bb33fa471f
    fm-attr-tags: 4f0889ed819eda7636666d93dbaa0c96
    fm-attr-cover: 6046a47ddeebe93aadde31eb20bd325a
  1c48b6fbe5ea5e9080b877bfef97553b:
    md-section-0: 48c9e20e65793267466b1b3d307719d6
    md-section-1: ba13c289eca14dc910bd386480099d6e
    md-section-2: db17a194606a1b93f5e84d6dcb5dedb0
    md-section-3: 27091ec735e81aa41c8e9c5aa1924bb9
    md-section-4: a84b05d34a4ced850497179cb0b8b44d
    md-section-5: 25621cfc6854beacaed6e6a2cdd3d442
    md-section-6: ab66fef377b3df3b89115aa5d65274a4
    md-section-7: d0a18962ad11279417a0f597f68c1217
    md-section-8: ac5bd74bdba5ceed83c30bcdda25b077
    md-section-9: ccecbe3c1fd506033974829668856fe1
    md-section-10: 4bcfabf2d2ac1e8d9c8d193c8cb867d6
    md-section-11: 4719ca278e8a9bc10f93f3c39596a684
    md-section-12: 41b3e4b7a7ee276b573f303fc5fa7017
    md-section-13: 4a68750a84376c8108c682ae60c49487
    md-section-14: 43579603aff822e81f99debb3687ad8f
    md-section-15: 1731585a2975ffe692b3a41cdd8632ff
    md-section-16: 6dc99f21b524acf1d5b7a012343f69de
    md-section-17: d850880ee2886fb4a0750a66ffd4d9c1
    md-section-18: f96846bc5348c3be829ae30a6d00635e
    md-section-19: a757b26546152b27a5bbb309aeaabdbf
    fm-attr-title: e47a70744f6751ed904552612498a255
    fm-attr-description: 65d530f9912fbbd47cec5f33caf1c621
    fm-attr-tags: 73f3f937f1412be3c04e3cfc4aeeb8ef
    fm-attr-cover: a7a107421d1dd485e44e5a56e7d07c71
  25d492021e747f93d178b6cb96270088:
    md-section-0: 6b52c4fafd42b0017762ff05d4884262
    md-section-1: 90f0de190626dbb4566cd09c41ad1d3a
    md-section-2: 0d6715b86ab5d745c35d85d45236389f
    md-section-3: b67bc6a6bd63ea98b2fb4628d3460d6e
    md-section-4: b0d53dd62a1d3c375365754c134f2a7a
    md-section-5: 7be4fe664e950bf5106d046e095baa94
    md-section-6: 59ab42b6d2119bb878658211f7b8aa27
    md-section-7: 6b7570c045e1a07fe987e07b50f3a79b
    md-section-8: 5ea6a5e7acccd02d7a11e4f95bfa6511
    md-section-9: 437dc50051dc2e7090da25970bd96c7b
    md-section-10: a48755b6cbc375e79cc9ee90353b832a
    md-section-11: 95ae229b718f8897f7b93b5650404c0c
    md-section-12: eb624d32559658e61c84dd277f95b724
    md-section-13: 3719265aab65ed52f3f4618c56e5aeeb
    md-section-14: 1e3e3dd8f2d5579ccae6c25d4f7a48ac
    md-section-15: aebd628d2fd9bf75ee21bfdb8badc3b0
    md-section-16: 5592c20a2a4d81d5ceffa61f3c770ec9
    md-section-17: fb44c434d8aeb5efd886941ccd5f2cc2
    md-section-18: f71fc6b2a7c2552a923933b6cbb2020f
    md-section-19: 16baeeefd318524e676737015e255ed6
    md-section-20: 2e6c8eff1e39b9e2158684d2024f8829
    md-section-21: 05eac20ba774c6b25e046a4f71135de2
    md-section-22: a8ead813e23beae59b41be144321a7d1
    md-section-23: 85963e862b2652457c932bb01b1181ac
    md-section-24: cdef7588d117f1e38813fcd6b512df8b
    fm-attr-title: 59d4e8a66f66e40a53145aca3a3a534d
    fm-attr-description: e20ccf11e0ba7fff677abf82386d8acd
    fm-attr-tags: f758b7dd7493023ca99c1dbdec1faace
    fm-attr-cover: 13f879b866366b4725c911ba7ff17b59
  744b16eee7c140d9594e02956856cf7c:
    md-section-0: 3d721fbbe75fac53e12cd46c9ec1b222
    md-section-1: 1e4b9b5706a84cafaf2acf6e73926da3
    md-section-2: 00c1417b84cbe7c420226c0c95620d38
    md-section-3: 0df23c1f2f40844c63279069f18a503a
    md-section-4: d64784d2e8f75ead7225a8943f3f6464
    md-section-5: 733161ab9d56a865eb9bd564c95a92d9
    md-section-6: 98453af8655472f5597c70c2ff00cff9
    md-section-7: 15f89b43847daa270ebda14325e0d4f4
    md-section-8: b6fa47bb9999f708f34151c1539e37b3
    md-section-9: d79f3245e99555ed6f45f8dac060a032
    md-section-10: 43e5ef23c9acf817cba4c1ca2041807e
    md-section-11: 0ebd19b436500cb4d24f45118c6b4723
    md-section-12: 843d590592180f1eeb91be3b00e072dc
    md-section-13: 198c01baeecfdf01269d6ab5559203c5
    md-section-14: 075731e0ca585fddc8c69e376073b7e8
    md-section-15: 69e2fb4ba9e9e20e31924b440ed77639
    md-section-16: 4fe1aae954ec5bde728b73e9570ab593
    md-section-17: ecbfb9ac33fc4e336465949ced203799
    md-section-18: 04aadb5455fe2a077b44899c06ceb5ca
    md-section-19: 2dce3ac5d5f0007398c42e56705a0c67
    md-section-20: 22f1789bbdd8e80a07ac16d6242d75fe
    md-section-21: e805615cc08d536f77a874480b17ff8a
    md-section-22: a9c498834a3e39eb656b31e553edabc4
    fm-attr-title: 68cf6b436432aeb40e8dc216e93dd2af
    fm-attr-description: 297555662f5c0f26b81f1601851d0297
    fm-attr-tags: 50995f18f679018f28b071a543b5b6dc
    fm-attr-cover: 6a1b35e0d05d28afd510f29384093a4d
  62c01e3f27313f82b8b5e851ef9969e5:
    md-section-0: 69c467aada791adb67053aa2e3cb61f8
    md-section-1: 8c5e34a6aa37f39e9612aa37274df888
    md-section-2: 65917a1a251003ee12a1655497b395ab
    md-section-3: 350d35b12d6c7fd0b17bfac3b04351f5
    md-section-4: 986084e04a5f435a9a223bf893b06912
    md-section-5: 83c479c04e31004093611c65e579e1c1
    md-section-6: 60cb784b3e8af2ed22ad56efc55e0166
    md-section-7: 2a508b7ec9edb21836fd6abac99d9c31
    md-section-8: 9c130e27ee021415a61094212dd350dd
    md-section-9: ea90b9f0fcf5b07b6c0955f16324ef9b
    md-section-10: 0bbd405f665941c70c4bfcae97be036a
    md-section-11: 9faa8b1ee5d8015320d15996799fdaa8
    md-section-12: 92541dafd2ad40d0f8e197f0bd3f888b
    md-section-13: aa19aa27b6c2cc10d40d86a5c20e3a2d
    md-section-14: bd1ce39eabe6af6d1440c10cfe91d142
    md-section-15: 320c6ada4f67f5ceb43ec09a0359d256
    md-section-16: afa892af1ac07deb700774312016d943
    md-section-17: e674036c59d7eec9bbec144b72d8b2ce
    md-section-18: 8846894951990fcbf6b0e6731403497e
    md-section-19: 56c35ceda80dc97721e709f6947855a6
    md-section-20: d2880110b9e5092ac13ea36d9fa39f07
    md-section-21: 32401430db13ed00c2b04a29dfc58435
    md-section-22: 92fb0dc99e20b6ad70dba1f2d8e26010
    md-section-23: 5195ce2ccf534b466f9842ab4d79e704
    md-section-24: 5dc224a29c59f79491d0d1390a7d1d9f
    md-section-25: 5d98877b985213d19dc75707f8ac4c77
    md-section-26: 9aae453cf99260558addcee6815f2df2
    md-section-27: 5c8f84c6962a15d4b0a2ec776fa388b3
    fm-attr-title: b71ac0605b4f39e709785248dae67d75
    fm-attr-description: 03fcc99536439c25307f7c4403b19cb4
    fm-attr-tags: 36d1af6f3c0cf82fd665c9d389b22a36
    fm-attr-cover: 1fe4d92f7e2e089995dc32c8ce5f0754
  9c7fcd2895fee2208cbfb871094e8ab1:
    md-section-0: d3c3ec355d575d8f3c8adf0ab414615c
    md-section-1: 2eba74c22be625496c590fabff028a11
    md-section-2: a32796b7079847148cb23ce6dfb50abe
    md-section-3: 7ca1c53fb34db5387117e53baa8365b9
    md-section-4: d3121cc74154621b18d4b6bc3f3bc954
    md-section-5: 1cadb5fadf430dd2e669073835f67b33
    md-section-6: b430026694d7914136d7bab8f73ad990
    md-section-7: 5fdec2c65a51f416b9dcb96e0a29bec3
    md-section-8: 3b2f58b263e961661296c38fe1835531
    md-section-9: de37a07d9e73bdb99cb17679459c3782
    md-section-10: f2a327658cebb9967f7dd96c42bb620c
    md-section-11: 36ec90292cc95e19e4138a669da352dd
    md-section-12: 677a6e1bef8baa96e72250a5bffd4b60
    md-section-13: 5ddcab299c8d3583fe98aa45de20fa20
    md-section-14: 1d080753e93ace59d0c89a5e78c2c1c4
    md-section-15: d918c4662deb0dd0fd89f95a4f4eac82
    md-section-16: 66e78a192a27846c74b68aecc8e9be9a
    md-section-17: eb2c538c0fa6cd42f64c9634875f61ee
    md-section-18: 0a495cbbbf51e4235f896c815f7febed
    md-section-19: 4f33e3814a3ccf59e24af30fb9b24e23
    fm-attr-title: dc514415e091bc01eaa8cc5b2daba1c2
    fm-attr-description: b6a21d9b6393320b87a74de1dc997a26
    fm-attr-tags: ddb36f3e1cce24cfef8f86c9fc992272
    fm-attr-cover: 991fdff88669b7d436f7ab15961ce132
  2e52d79a16a45376da08ee6315debe44:
    md-section-0: 207b41888f835f81deba3cbc0c4330e4
    md-section-1: 8501a3c92de7fb27b4640ef71f11b679
    md-section-2: 0bc938f72190ddecbc53b19cf285a2f0
    md-section-3: 6cf5b737f89f71a2332ec115c38a3927
    md-section-4: 878e8db1a68f578a5e07594db85ebe1e
    md-section-5: c434721d2e32697bcdfbe95fc214e5a0
    md-section-6: 68d309203c60490d60914a9cd8e620ea
    md-section-7: 756fef217a84532ce010c9e8e10e601b
    md-section-8: a5e0a60ae14314e179b2642bc345186f
    md-section-9: 483465d63edee5275212000c6f7a6cbb
    md-section-10: c01b817d851442ccc250aa1ebf708b36
    md-section-11: 3a6961d7a0706ea0d355357c7de4e67b
    md-section-12: b3ba3e41eba7f9632e653349486f9e3b
    md-section-13: c3bdc13024e29bbfdf0409c1d1bb35c8
    md-section-14: dec67f6d9276aa791a1c0a07acafb289
    md-section-15: 13349159aec8d265dc60d4235445c293
    md-section-16: 3086bf9cee789ac20b132a411c1fae17
    md-section-17: db3901468a1d213cd8238a5e6a7f6187
    md-section-18: 03371be5cedcc534e1e66228fea09808
    md-section-19: ae17f4999933c67134cab4ed1ff81d72
    md-section-20: 0a396e7ed3fa997df7a69ff4aa80602c
    md-section-21: 480ba98b81d7d0eedc2b8b81af6105d8
    md-section-22: 8764647b9d22f1583dc850436d5f2ba7
    md-section-23: 78a18c16ce5f07354b67f8b725517fd9
    md-section-24: 4cb95ae28ae9e3901021fa6033561e2e
    md-section-25: 9aae453cf99260558addcee6815f2df2
    md-section-26: a460631c946695a89b63ec3d025da03c
    md-section-27: a5b417650bcfe11522218371bda9b3a1
    fm-attr-title: 210732d05735bf77c50a1a30d389e808
    fm-attr-description: 5c8f460d9212901f48d3319c33a04325
    fm-attr-tags: ab4d4ed08586e01bac51c668a8bcfbc2
    fm-attr-cover: 6fec4010134e1d39cc6ed9aebad0e065
  5ce81cdf67e9754877d3a48a5e2fbacb:
    md-section-0: d3a7d025d6f2a5eba8ea61f7df514f1a
    md-section-1: 067f0b542e3aafea2d39fc7e7d29c7e3
    md-section-2: c77b8be9b087861a788ba0ac7150e4e0
    md-section-3: 86e9b660a3f0595e09f0fb18de4c80e7
    md-section-4: 1ed8372eb074d7f249f1c95bb2cfe0d5
    md-section-5: f49e145557ddc29532f72eae84e4ac8c
    md-section-6: 0b604e8c6f816408943a6a62358f3b6a
    md-section-7: 4e345e3d24cf2f182241fafdf82d8401
    md-section-8: ccec269b6d012d2d9ff6f1d0539d06f9
    md-section-9: 6a03dbff3f86d6030c0b832b02c199c8
    md-section-10: 0325d51c74d42d83068b5879bb91a33b
    md-section-11: 6480c8415311cd6dcc5f7041a396e8a9
    md-section-12: a50099dd9ba96a62b3f75c7d341e64c3
    md-section-13: dfab0667d80bb580950703c41e00c691
    md-section-14: f349d33a14acb2f52fde5cc7be968078
    md-section-15: 322ab5ddeabe30b964ec8770003013c4
    md-section-16: eb2c538c0fa6cd42f64c9634875f61ee
    md-section-17: 0c59d34b3ec037b92e0428cc4e4d678b
    fm-attr-title: 603df02ca2dfc80052e12a93750b1121
    fm-attr-description: 297555662f5c0f26b81f1601851d0297
    fm-attr-tags: d300eb8ccb0ed0af909b5215ae34859e
    fm-attr-cover: 06f2487a0117b037ab2887197f8f8f6b
  8c19a4c08b544ef706c86b7626b31daf:
    md-section-0: 24122791b03e105e30c54089e5ce1601
    md-section-1: ff8449011c73f4afbef8194c06cbe774
    md-section-2: cbbddfd0fd8b736912cb58def9745e59
    md-section-3: bd9ef56feba622b909913f09555ec4e7
    md-section-4: dfb998b0d52bb1924990e3dd4bedf4fa
    md-section-5: 1752faa497d02394ebc4fa6cacd46bc1
    md-section-6: 6b7963581ecc35e2adae0a91c42ac5c3
    md-section-7: ce8fc1a62e6672bd9b7cb384d1838824
    md-section-8: d66a71ffb1d06194c43f7daa7890f566
    md-section-9: 1f0b41c5670cf58f338e46e747ef24cd
    md-section-10: 1ca9b9ef88bfeeda41835354c12e7018
    md-section-11: 4b30967a6b5f8a26ea73a2fc5002b40f
    md-section-12: 1bdce3638dc3cfb347dbc1cda3a4f776
    md-section-13: efd355f08344bdcdf9224180da4fa625
    md-section-14: 15355e0d3acdf15552c357dc1fdd2995
    md-section-15: 97273e8de7be59987ccb7563d07e7a8c
    md-section-16: ff3e59d3b986b9c116136da23580a367
    md-section-17: 48de87d5db7201678ccdb70fa38d3089
    md-section-18: 74b62c9fe6ef0d557a7f10a9cf6510fb
    md-section-19: f2ba52f9ff850e6430925ae86c928c8e
    md-section-20: 5093a43df5ecf753a89a1a55aa50dcd9
    md-section-21: 083d3590f91d924c8a44b4972e784b5f
    md-section-22: d17df2858e41fc5700ed308f8ac0745b
    md-section-23: 676ffe48996faba289c1f9a36fe4fe07
    md-section-24: cea5f99429cd1ce2cd010252062ab734
    md-section-25: 397948da5643d8843e34536c7ba118e0
    md-section-26: b891699f902438c0776789d77206a9fc
    md-section-27: a302e7278fb2734c7fdef8486a2234ee
    md-section-28: 9850cbe04abdd75d48db59515e408e22
    md-section-29: 7a051ef10aa3392455f873bce5b4a6d5
    md-section-30: 4a800a6fda61b4642eb86b3ace461809
    md-section-31: 939e19814a9a0bba313d36fed5890da7
    md-section-32: c500eb093994ee574b7a429060cffb13
    md-section-33: 989b0d8a919da5fe1b3df6472a765a67
    md-section-34: 33fedc3ebb2a724bf69a262efbc92075
    md-section-35: 4ae5cccb7d9d98e0e93c97a237d5f669
    md-section-36: 3b5c6f0d6c46153ecd710837dfb907d4
    md-section-37: d850880ee2886fb4a0750a66ffd4d9c1
    md-section-38: c8c5b9452efc90d8e7e77d296a216dc2
    md-section-39: ff4295d37f3702e2da20c760539a1965
    fm-attr-title: db3fb5881f8653963a04c2ae68170a01
    fm-attr-description: 75e8950b6de975650b1386e55233ead7
    fm-attr-tags: f30e2ca854f4de1a63e43ad8fce6288e
    fm-attr-cover: 2cd0d94865a1bf7d391cc81a0f36ad63
  532ad70b1ffd58b6d4a5477db6bc5471:
    md-section-0: 59b29f64126b08ddb40fa69552efdbd5
    md-section-1: 529fdda1b0708440c3d5b97a60fe73ff
    md-section-2: e38b5409b9b13ae1e0c0d18f13c10aaf
    md-section-3: 30ef1f72b211fa8c9637928995a0d343
    md-section-4: 9e9332adb583fab5f7208553c8c70c7f
    md-section-5: 6d41facb9cb19a87949163bd5f2dd045
    md-section-6: 3d0c13bab6d7f7dd5afd54d183b913b9
    md-section-7: 62877d9311a82b029700513c50e2a493
    md-section-8: 9ca84204b93d7ad7173aa72e0d77744a
    md-section-9: 230d4fc9c56c0d838a8c5606de77d278
    md-section-10: 378c7763285d6882a3863d7db2040c04
    fm-attr-title: 0206baf5f2beae952e459c053b18b568
    fm-attr-description: 673d0d1001351f68e66e10499bae751e
    fm-attr-tags: e500282b8ace3cfb8e7b36e1a2c6fc80
    fm-attr-cover: c0d34d238d475c7f24df86c0f69240a0
  201efec97f585d060282ca579c74a3f1:
    md-section-0: dcd51f8a7da0d7880ab33cec8b193408
    md-section-1: e93ec4874c6bbec55bf78eaa80097f74
    md-section-2: 0e3e46471ef49686223d25f4367edaec
    md-section-3: 76a500be3eb2a87cc9fe33ee14fa2550
    md-section-4: d49662bc0c5cde11184b64abf78e2a3d
    md-section-5: 5fee2a4ffb5e6939bc61dbaac4cb1ec3
    md-section-6: f3f59cf832897bcd96f24723dc17243b
    md-section-7: 12f278353574b1d3e633b0676fb3cdd5
    md-section-8: fb7fbc405ebd82f2fa9b8628dda4968f
    md-section-9: 8a761fa5c29c40b7bb9f2670ee3110bb
    md-section-10: 8cecf47a2a580afb71e888649a5255f8
    md-section-11: 1c1472822d0b9cf034419b8dfd16f60a
    md-section-12: de1d0baaac055d0c26b12640bf2acc12
    md-section-13: 4a8016e113170361409c44026acbf999
    md-section-14: ccb7b4289e379f9e6d2818aae800eb32
    md-section-15: 879cdca4b04b99ffffd1bfde6bbb6d66
    md-section-16: 0e67b99758e7398eb5a88dd55c54db19
    md-section-17: 5a6eff53958c4eb1d9838f66f0f96c4a
    md-section-18: f5fb5071ebd117d18d607760cd6d527e
    md-section-19: 56bb7e0f43f21b04aeb046614c080d43
    md-section-20: 0ab6377f2350aa3068253fde5125f1a5
    md-section-21: 3babdd4ebd5e14467ef3602be06deb7c
    md-section-22: 1c8dd303368e40a86c67a4d4395a9102
    md-section-23: 5a4df96173545f9265aa9f19db2c9bc2
    md-section-24: bda3fe82363558c21c13072f4d49aa70
    md-section-25: 8f87d423ee5ab8fc6abe9bacc7bb46c7
    md-section-26: 1f79511ab19ceab08a810f5a92a83ba0
    md-section-27: e585619e0e6dbf2fd215462500f6c02b
    md-section-28: b135305c9bcefaf9bb4d74310f492f1d
    md-section-29: ded6ab9a7f389b892f5df91ef3b26b71
    md-section-30: a93aea766ee2e5feaf4e4bda66134bbc
    md-section-31: bef216741eebcb5eadc9e74f234f9c09
    md-section-32: aa2f0d89899fb8fea9887621131a5428
    fm-attr-title: 1adf709a12c5db13d9db4003dacbfe25
    fm-attr-description: 0940f40f15d890ca8e4047c8c0f04545
    fm-attr-tags: f75841ce5a4a6e0453cf090e6f7e8bd6
    fm-attr-cover: 538b9d3fd33ba57f3e4cca46e370bf9c
  d4207ab0ddece2532e32206c85485543:
    md-section-0: 12691685ea5cddfdb494155c78aaa240
    md-section-1: d8746568027907cfff69c38e50a405f1
    md-section-2: 3b99cc51c17f67c851bc80c3ccd774bc
    md-section-3: b4529bf0d287ec790606bd5d8b765c73
    md-section-4: 4d595ed84ae90b5911c17e51146384df
    md-section-5: 9c30928ff20478a8730e102ba4744791
    md-section-6: 00cbdc94da22252f693c368687a15ac5
    md-section-7: 59dcd24c9c0af85088e1047c84f6af9c
    md-section-8: 4e60ae2124cb2f2f6eb498d4af351b35
    md-section-9: 90ec51b67328380ca48b9eb6bf8e60e6
    md-section-10: 58a809c03f64aed9c3c8e8321db2f46c
    md-section-11: fc84bd58545a8f468793cd44362ffbf9
    md-section-12: 4f58127f22a1937c094ef09c0b59098e
    md-section-13: a03bacb3fcf8e6930af099fca582b7fc
    md-section-14: 5ef02822e1acc8625afa4631673df5cd
    md-section-15: c45468f9a7ce6c28eea9d028b037f80b
    md-section-16: b14867b8c869d57c5e6b67c36ed55ce8
    md-section-17: 2975cce3d5ab5e7440b33249744113f0
    md-section-18: 1d52378eed90ddea367b7edf01676157
    md-section-19: 8dfb5205d8e5257f98ca256607de4e81
    md-section-20: fe881f4da66ceec4f7cf84394591cb50
    md-section-21: f45f9f8c9f21d416a802a3d1a0d89f5b
    md-section-22: 0ec13bf42f0d506989c321705e7c2606
    md-section-23: fd24fa4cb78990c4aeb06fd6f52cfdd8
    md-section-24: 3239d8e0dc22777bc303a24047ae7b77
    md-section-25: d017bd5cc408ce5c3ec66b34a5cd34f3
    fm-attr-title: b40218889821086c4119dff4d266b97e
    fm-attr-description: 0fdd7b07bc47d924bdc1c0da09e7aad4
    fm-attr-tags: e2be29203f03d1ff3e5f2fd9ea99d9a5
    fm-attr-cover: 2db7ff48c047bec7fd384369235dd211
